// !$*UTF8*$!
{
	archiveVersion = 1;
	classes = {
	};
	objectVersion = 46;
	objects = {

/* Begin PBXBuildFile section */
		18B4FE801ADE68BE00D740EC /* main.m in Sources */ = {isa = PBXBuildFile; fileRef = 18B4FE7F1ADE68BE00D740EC /* main.m */; };
		18B4FE831ADE68BE00D740EC /* AppDelegate.m in Sources */ = {isa = PBXBuildFile; fileRef = 18B4FE821ADE68BE00D740EC /* AppDelegate.m */; };
		18B4FE891ADE68BE00D740EC /* Main.storyboard in Resources */ = {isa = PBXBuildFile; fileRef = 18B4FE871ADE68BE00D740EC /* Main.storyboard */; };
		18B4FE8B1ADE68BE00D740EC /* Images.xcassets in Resources */ = {isa = PBXBuildFile; fileRef = 18B4FE8A1ADE68BE00D740EC /* Images.xcassets */; };
		18B4FE8E1ADE68BE00D740EC /* LaunchScreen.xib in Resources */ = {isa = PBXBuildFile; fileRef = 18B4FE8C1ADE68BE00D740EC /* LaunchScreen.xib */; };
		18B4FE9A1ADE68BE00D740EC /* HelloWatchTests.m in Sources */ = {isa = PBXBuildFile; fileRef = 18B4FE991ADE68BE00D740EC /* HelloWatchTests.m */; };
		18B4FEAD1ADE68F800D740EC /* InterfaceController.m in Sources */ = {isa = PBXBuildFile; fileRef = 18B4FEAC1ADE68F800D740EC /* InterfaceController.m */; };
		18B4FEAF1ADE68F800D740EC /* Images.xcassets in Resources */ = {isa = PBXBuildFile; fileRef = 18B4FEAE1ADE68F800D740EC /* Images.xcassets */; };
		18B4FEB31ADE68F800D740EC /* HelloWatch WatchKit App.app in Resources */ = {isa = PBXBuildFile; fileRef = 18B4FEB21ADE68F800D740EC /* HelloWatch WatchKit App.app */; };
		18B4FEBB1ADE68F800D740EC /* Interface.storyboard in Resources */ = {isa = PBXBuildFile; fileRef = 18B4FEB91ADE68F800D740EC /* Interface.storyboard */; };
		18B4FEBD1ADE68F800D740EC /* Images.xcassets in Resources */ = {isa = PBXBuildFile; fileRef = 18B4FEBC1ADE68F800D740EC /* Images.xcassets */; };
		18B4FEC01ADE68F800D740EC /* HelloWatch WatchKit Extension.appex in Embed App Extensions */ = {isa = PBXBuildFile; fileRef = 18B4FEA71ADE68F800D740EC /* HelloWatch WatchKit Extension.appex */; settings = {ATTRIBUTES = (RemoveHeadersOnCopy, ); }; };
		18B6BCEE1F1F01800019391D /* ViewController.m in Sources */ = {isa = PBXBuildFile; fileRef = 18B6BCED1F1F01800019391D /* ViewController.m */; };
/* End PBXBuildFile section */

/* Begin PBXContainerItemProxy section */
		18B4FE941ADE68BE00D740EC /* PBXContainerItemProxy */ = {
			isa = PBXContainerItemProxy;
			containerPortal = 18B4FE721ADE68BE00D740EC /* Project object */;
			proxyType = 1;
			remoteGlobalIDString = 18B4FE791ADE68BE00D740EC;
			remoteInfo = HelloWatch;
		};
		18B4FEB41ADE68F800D740EC /* PBXContainerItemProxy */ = {
			isa = PBXContainerItemProxy;
			containerPortal = 18B4FE721ADE68BE00D740EC /* Project object */;
			proxyType = 1;
			remoteGlobalIDString = 18B4FEB11ADE68F800D740EC;
			remoteInfo = "HelloWatch WatchKit App";
		};
		18B4FEBE1ADE68F800D740EC /* PBXContainerItemProxy */ = {
			isa = PBXContainerItemProxy;
			containerPortal = 18B4FE721ADE68BE00D740EC /* Project object */;
			proxyType = 1;
			remoteGlobalIDString = 18B4FEA61ADE68F800D740EC;
			remoteInfo = "HelloWatch WatchKit Extension";
		};
/* End PBXContainerItemProxy section */

/* Begin PBXCopyFilesBuildPhase section */
		18B4FEC71ADE68F800D740EC /* Embed App Extensions */ = {
			isa = PBXCopyFilesBuildPhase;
			buildActionMask = 2147483647;
			dstPath = "";
			dstSubfolderSpec = 13;
			files = (
				18B4FEC01ADE68F800D740EC /* HelloWatch WatchKit Extension.appex in Embed App Extensions */,
			);
			name = "Embed App Extensions";
			runOnlyForDeploymentPostprocessing = 0;
		};
/* End PBXCopyFilesBuildPhase section */

/* Begin PBXFileReference section */
		18B4FE7A1ADE68BE00D740EC /* HelloWatch.app */ = {isa = PBXFileReference; explicitFileType = wrapper.application; includeInIndex = 0; path = HelloWatch.app; sourceTree = BUILT_PRODUCTS_DIR; };
		18B4FE7E1ADE68BE00D740EC /* Info.plist */ = {isa = PBXFileReference; lastKnownFileType = text.plist.xml; path = Info.plist; sourceTree = "<group>"; };
		18B4FE7F1ADE68BE00D740EC /* main.m */ = {isa = PBXFileReference; lastKnownFileType = sourcecode.c.objc; path = main.m; sourceTree = "<group>"; };
		18B4FE811ADE68BE00D740EC /* AppDelegate.h */ = {isa = PBXFileReference; lastKnownFileType = sourcecode.c.h; path = AppDelegate.h; sourceTree = "<group>"; };
		18B4FE821ADE68BE00D740EC /* AppDelegate.m */ = {isa = PBXFileReference; lastKnownFileType = sourcecode.c.objc; path = AppDelegate.m; sourceTree = "<group>"; };
		18B4FE881ADE68BE00D740EC /* Base */ = {isa = PBXFileReference; lastKnownFileType = file.storyboard; name = Base; path = Base.lproj/Main.storyboard; sourceTree = "<group>"; };
		18B4FE8A1ADE68BE00D740EC /* Images.xcassets */ = {isa = PBXFileReference; lastKnownFileType = folder.assetcatalog; path = Images.xcassets; sourceTree = "<group>"; };
		18B4FE8D1ADE68BE00D740EC /* Base */ = {isa = PBXFileReference; lastKnownFileType = file.xib; name = Base; path = Base.lproj/LaunchScreen.xib; sourceTree = "<group>"; };
		18B4FE931ADE68BE00D740EC /* HelloWatchTests.xctest */ = {isa = PBXFileReference; explicitFileType = wrapper.cfbundle; includeInIndex = 0; path = HelloWatchTests.xctest; sourceTree = BUILT_PRODUCTS_DIR; };
		18B4FE981ADE68BE00D740EC /* Info.plist */ = {isa = PBXFileReference; lastKnownFileType = text.plist.xml; path = Info.plist; sourceTree = "<group>"; };
		18B4FE991ADE68BE00D740EC /* HelloWatchTests.m */ = {isa = PBXFileReference; lastKnownFileType = sourcecode.c.objc; path = HelloWatchTests.m; sourceTree = "<group>"; };
		18B4FEA71ADE68F800D740EC /* HelloWatch WatchKit Extension.appex */ = {isa = PBXFileReference; explicitFileType = "wrapper.app-extension"; includeInIndex = 0; path = "HelloWatch WatchKit Extension.appex"; sourceTree = BUILT_PRODUCTS_DIR; };
		18B4FEAA1ADE68F800D740EC /* Info.plist */ = {isa = PBXFileReference; lastKnownFileType = text.plist.xml; path = Info.plist; sourceTree = "<group>"; };
		18B4FEAB1ADE68F800D740EC /* InterfaceController.h */ = {isa = PBXFileReference; lastKnownFileType = sourcecode.c.h; path = InterfaceController.h; sourceTree = "<group>"; };
		18B4FEAC1ADE68F800D740EC /* InterfaceController.m */ = {isa = PBXFileReference; lastKnownFileType = sourcecode.c.objc; path = InterfaceController.m; sourceTree = "<group>"; };
		18B4FEAE1ADE68F800D740EC /* Images.xcassets */ = {isa = PBXFileReference; lastKnownFileType = folder.assetcatalog; path = Images.xcassets; sourceTree = "<group>"; };
		18B4FEB21ADE68F800D740EC /* HelloWatch WatchKit App.app */ = {isa = PBXFileReference; explicitFileType = wrapper.application; includeInIndex = 0; path = "HelloWatch WatchKit App.app"; sourceTree = BUILT_PRODUCTS_DIR; };
		18B4FEB81ADE68F800D740EC /* Info.plist */ = {isa = PBXFileReference; lastKnownFileType = text.plist.xml; path = Info.plist; sourceTree = "<group>"; };
		18B4FEBA1ADE68F800D740EC /* Base */ = {isa = PBXFileReference; lastKnownFileType = file.storyboard; name = Base; path = Base.lproj/Interface.storyboard; sourceTree = "<group>"; };
		18B4FEBC1ADE68F800D740EC /* Images.xcassets */ = {isa = PBXFileReference; lastKnownFileType = folder.assetcatalog; path = Images.xcassets; sourceTree = "<group>"; };
		18B6BCEC1F1F01800019391D /* ViewController.h */ = {isa = PBXFileReference; fileEncoding = 4; lastKnownFileType = sourcecode.c.h; path = ViewController.h; sourceTree = "<group>"; };
		18B6BCED1F1F01800019391D /* ViewController.m */ = {isa = PBXFileReference; fileEncoding = 4; lastKnownFileType = sourcecode.c.objc; path = ViewController.m; sourceTree = "<group>"; };
/* End PBXFileReference section */

/* Begin PBXFrameworksBuildPhase section */
		18B4FE771ADE68BE00D740EC /* Frameworks */ = {
			isa = PBXFrameworksBuildPhase;
			buildActionMask = 2147483647;
			files = (
			);
			runOnlyForDeploymentPostprocessing = 0;
		};
		18B4FE901ADE68BE00D740EC /* Frameworks */ = {
			isa = PBXFrameworksBuildPhase;
			buildActionMask = 2147483647;
			files = (
			);
			runOnlyForDeploymentPostprocessing = 0;
		};
		18B4FEA41ADE68F800D740EC /* Frameworks */ = {
			isa = PBXFrameworksBuildPhase;
			buildActionMask = 2147483647;
			files = (
			);
			runOnlyForDeploymentPostprocessing = 0;
		};
/* End PBXFrameworksBuildPhase section */

/* Begin PBXGroup section */
		18B4FE711ADE68BE00D740EC = {
			isa = PBXGroup;
			children = (
				18B4FE7C1ADE68BE00D740EC /* HelloWatch */,
				18B4FE961ADE68BE00D740EC /* HelloWatchTests */,
				18B4FEA81ADE68F800D740EC /* HelloWatch WatchKit Extension */,
				18B4FEB61ADE68F800D740EC /* HelloWatch WatchKit App */,
				18B4FE7B1ADE68BE00D740EC /* Products */,
			);
			sourceTree = "<group>";
		};
		18B4FE7B1ADE68BE00D740EC /* Products */ = {
			isa = PBXGroup;
			children = (
				18B4FE7A1ADE68BE00D740EC /* HelloWatch.app */,
				18B4FE931ADE68BE00D740EC /* HelloWatchTests.xctest */,
				18B4FEA71ADE68F800D740EC /* HelloWatch WatchKit Extension.appex */,
				18B4FEB21ADE68F800D740EC /* HelloWatch WatchKit App.app */,
			);
			name = Products;
			sourceTree = "<group>";
		};
		18B4FE7C1ADE68BE00D740EC /* HelloWatch */ = {
			isa = PBXGroup;
			children = (
				18B4FE811ADE68BE00D740EC /* AppDelegate.h */,
				18B4FE821ADE68BE00D740EC /* AppDelegate.m */,
				18B4FE871ADE68BE00D740EC /* Main.storyboard */,
				18B6BCEB1F1F01800019391D /* bench */,
				18B4FE8A1ADE68BE00D740EC /* Images.xcassets */,
				18B4FE8C1ADE68BE00D740EC /* LaunchScreen.xib */,
				18B4FE7D1ADE68BE00D740EC /* Supporting Files */,
			);
			path = HelloWatch;
			sourceTree = "<group>";
		};
		18B4FE7D1ADE68BE00D740EC /* Supporting Files */ = {
			isa = PBXGroup;
			children = (
				18B4FE7E1ADE68BE00D740EC /* Info.plist */,
				18B4FE7F1ADE68BE00D740EC /* main.m */,
			);
			name = "Supporting Files";
			sourceTree = "<group>";
		};
		18B4FE961ADE68BE00D740EC /* HelloWatchTests */ = {
			isa = PBXGroup;
			children = (
				18B4FE991ADE68BE00D740EC /* HelloWatchTests.m */,
				18B4FE971ADE68BE00D740EC /* Supporting Files */,
			);
			path = HelloWatchTests;
			sourceTree = "<group>";
		};
		18B4FE971ADE68BE00D740EC /* Supporting Files */ = {
			isa = PBXGroup;
			children = (
				18B4FE981ADE68BE00D740EC /* Info.plist */,
			);
			name = "Supporting Files";
			sourceTree = "<group>";
		};
		18B4FEA81ADE68F800D740EC /* HelloWatch WatchKit Extension */ = {
			isa = PBXGroup;
			children = (
				18B4FEAB1ADE68F800D740EC /* InterfaceController.h */,
				18B4FEAC1ADE68F800D740EC /* InterfaceController.m */,
				18B4FEAE1ADE68F800D740EC /* Images.xcassets */,
				18B4FEA91ADE68F800D740EC /* Supporting Files */,
			);
			path = "HelloWatch WatchKit Extension";
			sourceTree = "<group>";
		};
		18B4FEA91ADE68F800D740EC /* Supporting Files */ = {
			isa = PBXGroup;
			children = (
				18B4FEAA1ADE68F800D740EC /* Info.plist */,
			);
			name = "Supporting Files";
			sourceTree = "<group>";
		};
		18B4FEB61ADE68F800D740EC /* HelloWatch WatchKit App */ = {
			isa = PBXGroup;
			children = (
				18B4FEB91ADE68F800D740EC /* Interface.storyboard */,
				18B4FEBC1ADE68F800D740EC /* Images.xcassets */,
				18B4FEB71ADE68F800D740EC /* Supporting Files */,
			);
			path = "HelloWatch WatchKit App";
			sourceTree = "<group>";
		};
		18B4FEB71ADE68F800D740EC /* Supporting Files */ = {
			isa = PBXGroup;
			children = (
				18B4FEB81ADE68F800D740EC /* Info.plist */,
			);
			name = "Supporting Files";
			sourceTree = "<group>";
		};
		18B6BCEB1F1F01800019391D /* bench */ = {
			isa = PBXGroup;
			children = (
				18B6BCEC1F1F01800019391D /* ViewController.h */,
				18B6BCED1F1F01800019391D /* ViewController.m */,
			);
			path = bench;
			sourceTree = "<group>";
		};
/* End PBXGroup section */

/* Begin PBXNativeTarget section */
		18B4FE791ADE68BE00D740EC /* HelloWatch */ = {
			isa = PBXNativeTarget;
			buildConfigurationList = 18B4FE9D1ADE68BE00D740EC /* Build configuration list for PBXNativeTarget "HelloWatch" */;
			buildPhases = (
				18B4FE761ADE68BE00D740EC /* Sources */,
				18B4FE771ADE68BE00D740EC /* Frameworks */,
				18B4FE781ADE68BE00D740EC /* Resources */,
				18B4FEC71ADE68F800D740EC /* Embed App Extensions */,
			);
			buildRules = (
			);
			dependencies = (
				18B4FEBF1ADE68F800D740EC /* PBXTargetDependency */,
			);
			name = HelloWatch;
			productName = HelloWatch;
			productReference = 18B4FE7A1ADE68BE00D740EC /* HelloWatch.app */;
			productType = "com.apple.product-type.application";
		};
		18B4FE921ADE68BE00D740EC /* HelloWatchTests */ = {
			isa = PBXNativeTarget;
			buildConfigurationList = 18B4FEA01ADE68BE00D740EC /* Build configuration list for PBXNativeTarget "HelloWatchTests" */;
			buildPhases = (
				18B4FE8F1ADE68BE00D740EC /* Sources */,
				18B4FE901ADE68BE00D740EC /* Frameworks */,
				18B4FE911ADE68BE00D740EC /* Resources */,
			);
			buildRules = (
			);
			dependencies = (
				18B4FE951ADE68BE00D740EC /* PBXTargetDependency */,
			);
			name = HelloWatchTests;
			productName = HelloWatchTests;
			productReference = 18B4FE931ADE68BE00D740EC /* HelloWatchTests.xctest */;
			productType = "com.apple.product-type.bundle.unit-test";
		};
		18B4FEA61ADE68F800D740EC /* HelloWatch WatchKit Extension */ = {
			isa = PBXNativeTarget;
			buildConfigurationList = 18B4FEC41ADE68F800D740EC /* Build configuration list for PBXNativeTarget "HelloWatch WatchKit Extension" */;
			buildPhases = (
				18B4FEA31ADE68F800D740EC /* Sources */,
				18B4FEA41ADE68F800D740EC /* Frameworks */,
				18B4FEA51ADE68F800D740EC /* Resources */,
			);
			buildRules = (
			);
			dependencies = (
				18B4FEB51ADE68F800D740EC /* PBXTargetDependency */,
			);
			name = "HelloWatch WatchKit Extension";
			productName = "HelloWatch WatchKit Extension";
			productReference = 18B4FEA71ADE68F800D740EC /* HelloWatch WatchKit Extension.appex */;
			productType = "com.apple.product-type.watchkit-extension";
		};
		18B4FEB11ADE68F800D740EC /* HelloWatch WatchKit App */ = {
			isa = PBXNativeTarget;
			buildConfigurationList = 18B4FEC11ADE68F800D740EC /* Build configuration list for PBXNativeTarget "HelloWatch WatchKit App" */;
			buildPhases = (
				18B4FEB01ADE68F800D740EC /* Resources */,
			);
			buildRules = (
			);
			dependencies = (
			);
			name = "HelloWatch WatchKit App";
			productName = "HelloWatch WatchKit App";
			productReference = 18B4FEB21ADE68F800D740EC /* HelloWatch WatchKit App.app */;
			productType = "com.apple.product-type.application.watchapp";
		};
/* End PBXNativeTarget section */

/* Begin PBXProject section */
		18B4FE721ADE68BE00D740EC /* Project object */ = {
			isa = PBXProject;
			attributes = {
				LastUpgradeCheck = 0630;
				ORGANIZATIONNAME = apple;
				TargetAttributes = {
					18B4FE791ADE68BE00D740EC = {
						CreatedOnToolsVersion = 6.3;
						DevelopmentTeam = V988GE98EW;
					};
					18B4FE921ADE68BE00D740EC = {
						CreatedOnToolsVersion = 6.3;
						DevelopmentTeam = V988GE98EW;
						TestTargetID = 18B4FE791ADE68BE00D740EC;
					};
					18B4FEA61ADE68F800D740EC = {
						CreatedOnToolsVersion = 6.3;
						DevelopmentTeam = V988GE98EW;
					};
					18B4FEB11ADE68F800D740EC = {
						CreatedOnToolsVersion = 6.3;
						DevelopmentTeam = V988GE98EW;
					};
				};
			};
			buildConfigurationList = 18B4FE751ADE68BE00D740EC /* Build configuration list for PBXProject "HelloWatch" */;
			compatibilityVersion = "Xcode 3.2";
			developmentRegion = English;
			hasScannedForEncodings = 0;
			knownRegions = (
				en,
				Base,
			);
			mainGroup = 18B4FE711ADE68BE00D740EC;
			productRefGroup = 18B4FE7B1ADE68BE00D740EC /* Products */;
			projectDirPath = "";
			projectRoot = "";
			targets = (
				18B4FE791ADE68BE00D740EC /* HelloWatch */,
				18B4FE921ADE68BE00D740EC /* HelloWatchTests */,
				18B4FEA61ADE68F800D740EC /* HelloWatch WatchKit Extension */,
				18B4FEB11ADE68F800D740EC /* HelloWatch WatchKit App */,
			);
		};
/* End PBXProject section */

/* Begin PBXResourcesBuildPhase section */
		18B4FE781ADE68BE00D740EC /* Resources */ = {
			isa = PBXResourcesBuildPhase;
			buildActionMask = 2147483647;
			files = (
				18B4FE891ADE68BE00D740EC /* Main.storyboard in Resources */,
				18B4FE8E1ADE68BE00D740EC /* LaunchScreen.xib in Resources */,
				18B4FE8B1ADE68BE00D740EC /* Images.xcassets in Resources */,
			);
			runOnlyForDeploymentPostprocessing = 0;
		};
		18B4FE911ADE68BE00D740EC /* Resources */ = {
			isa = PBXResourcesBuildPhase;
			buildActionMask = 2147483647;
			files = (
			);
			runOnlyForDeploymentPostprocessing = 0;
		};
		18B4FEA51ADE68F800D740EC /* Resources */ = {
			isa = PBXResourcesBuildPhase;
			buildActionMask = 2147483647;
			files = (
				18B4FEAF1ADE68F800D740EC /* Images.xcassets in Resources */,
				18B4FEB31ADE68F800D740EC /* HelloWatch WatchKit App.app in Resources */,
			);
			runOnlyForDeploymentPostprocessing = 0;
		};
		18B4FEB01ADE68F800D740EC /* Resources */ = {
			isa = PBXResourcesBuildPhase;
			buildActionMask = 2147483647;
			files = (
				18B4FEBB1ADE68F800D740EC /* Interface.storyboard in Resources */,
				18B4FEBD1ADE68F800D740EC /* Images.xcassets in Resources */,
			);
			runOnlyForDeploymentPostprocessing = 0;
		};
/* End PBXResourcesBuildPhase section */

/* Begin PBXSourcesBuildPhase section */
		18B4FE761ADE68BE00D740EC /* Sources */ = {
			isa = PBXSourcesBuildPhase;
			buildActionMask = 2147483647;
			files = (
				18B6BCEE1F1F01800019391D /* ViewController.m in Sources */,
				18B4FE831ADE68BE00D740EC /* AppDelegate.m in Sources */,
				18B4FE801ADE68BE00D740EC /* main.m in Sources */,
			);
			runOnlyForDeploymentPostprocessing = 0;
		};
		18B4FE8F1ADE68BE00D740EC /* Sources */ = {
			isa = PBXSourcesBuildPhase;
			buildActionMask = 2147483647;
			files = (
				18B4FE9A1ADE68BE00D740EC /* HelloWatchTests.m in Sources */,
			);
			runOnlyForDeploymentPostprocessing = 0;
		};
		18B4FEA31ADE68F800D740EC /* Sources */ = {
			isa = PBXSourcesBuildPhase;
			buildActionMask = 2147483647;
			files = (
				18B4FEAD1ADE68F800D740EC /* InterfaceController.m in Sources */,
			);
			runOnlyForDeploymentPostprocessing = 0;
		};
/* End PBXSourcesBuildPhase section */

/* Begin PBXTargetDependency section */
		18B4FE951ADE68BE00D740EC /* PBXTargetDependency */ = {
			isa = PBXTargetDependency;
			target = 18B4FE791ADE68BE00D740EC /* HelloWatch */;
			targetProxy = 18B4FE941ADE68BE00D740EC /* PBXContainerItemProxy */;
		};
		18B4FEB51ADE68F800D740EC /* PBXTargetDependency */ = {
			isa = PBXTargetDependency;
			target = 18B4FEB11ADE68F800D740EC /* HelloWatch WatchKit App */;
			targetProxy = 18B4FEB41ADE68F800D740EC /* PBXContainerItemProxy */;
		};
		18B4FEBF1ADE68F800D740EC /* PBXTargetDependency */ = {
			isa = PBXTargetDependency;
			target = 18B4FEA61ADE68F800D740EC /* HelloWatch WatchKit Extension */;
			targetProxy = 18B4FEBE1ADE68F800D740EC /* PBXContainerItemProxy */;
		};
/* End PBXTargetDependency section */

/* Begin PBXVariantGroup section */
		18B4FE871ADE68BE00D740EC /* Main.storyboard */ = {
			isa = PBXVariantGroup;
			children = (
				18B4FE881ADE68BE00D740EC /* Base */,
			);
			name = Main.storyboard;
			sourceTree = "<group>";
		};
		18B4FE8C1ADE68BE00D740EC /* LaunchScreen.xib */ = {
			isa = PBXVariantGroup;
			children = (
				18B4FE8D1ADE68BE00D740EC /* Base */,
			);
			name = LaunchScreen.xib;
			sourceTree = "<group>";
		};
		18B4FEB91ADE68F800D740EC /* Interface.storyboard */ = {
			isa = PBXVariantGroup;
			children = (
				18B4FEBA1ADE68F800D740EC /* Base */,
			);
			name = Interface.storyboard;
			sourceTree = "<group>";
		};
/* End PBXVariantGroup section */

/* Begin XCBuildConfiguration section */
		18B4FE9B1ADE68BE00D740EC /* Debug */ = {
			isa = XCBuildConfiguration;
			buildSettings = {
				ALWAYS_SEARCH_USER_PATHS = NO;
				CLANG_CXX_LANGUAGE_STANDARD = "gnu++0x";
				CLANG_CXX_LIBRARY = "libc++";
				CLANG_ENABLE_MODULES = YES;
				CLANG_ENABLE_OBJC_ARC = YES;
				CLANG_WARN_BOOL_CONVERSION = YES;
				CLANG_WARN_CONSTANT_CONVERSION = YES;
				CLANG_WARN_DIRECT_OBJC_ISA_USAGE = YES_ERROR;
				CLANG_WARN_EMPTY_BODY = YES;
				CLANG_WARN_ENUM_CONVERSION = YES;
				CLANG_WARN_INT_CONVERSION = YES;
				CLANG_WARN_OBJC_ROOT_CLASS = YES_ERROR;
				CLANG_WARN_UNREACHABLE_CODE = YES;
				CLANG_WARN__DUPLICATE_METHOD_MATCH = YES;
				"CODE_SIGN_IDENTITY[sdk=iphoneos*]" = "iPhone Developer";
				COPY_PHASE_STRIP = NO;
				DEBUG_INFORMATION_FORMAT = "dwarf-with-dsym";
				ENABLE_STRICT_OBJC_MSGSEND = YES;
				GCC_C_LANGUAGE_STANDARD = gnu99;
				GCC_DYNAMIC_NO_PIC = NO;
				GCC_NO_COMMON_BLOCKS = YES;
				GCC_OPTIMIZATION_LEVEL = 0;
				GCC_PREPROCESSOR_DEFINITIONS = (
					"DEBUG=1",
					"$(inherited)",
				);
				GCC_SYMBOLS_PRIVATE_EXTERN = NO;
				GCC_WARN_64_TO_32_BIT_CONVERSION = YES;
				GCC_WARN_ABOUT_RETURN_TYPE = YES_ERROR;
				GCC_WARN_UNDECLARED_SELECTOR = YES;
				GCC_WARN_UNINITIALIZED_AUTOS = YES_AGGRESSIVE;
				GCC_WARN_UNUSED_FUNCTION = YES;
				GCC_WARN_UNUSED_VARIABLE = YES;
				IPHONEOS_DEPLOYMENT_TARGET = 8.3;
				MTL_ENABLE_DEBUG_INFO = YES;
				ONLY_ACTIVE_ARCH = YES;
				SDKROOT = iphoneos;
				TARGETED_DEVICE_FAMILY = "1,2";
			};
			name = Debug;
		};
		18B4FE9C1ADE68BE00D740EC /* Release */ = {
			isa = XCBuildConfiguration;
			buildSettings = {
				ALWAYS_SEARCH_USER_PATHS = NO;
				CLANG_CXX_LANGUAGE_STANDARD = "gnu++0x";
				CLANG_CXX_LIBRARY = "libc++";
				CLANG_ENABLE_MODULES = YES;
				CLANG_ENABLE_OBJC_ARC = YES;
				CLANG_WARN_BOOL_CONVERSION = YES;
				CLANG_WARN_CONSTANT_CONVERSION = YES;
				CLANG_WARN_DIRECT_OBJC_ISA_USAGE = YES_ERROR;
				CLANG_WARN_EMPTY_BODY = YES;
				CLANG_WARN_ENUM_CONVERSION = YES;
				CLANG_WARN_INT_CONVERSION = YES;
				CLANG_WARN_OBJC_ROOT_CLASS = YES_ERROR;
				CLANG_WARN_UNREACHABLE_CODE = YES;
				CLANG_WARN__DUPLICATE_METHOD_MATCH = YES;
				"CODE_SIGN_IDENTITY[sdk=iphoneos*]" = "iPhone Developer";
				COPY_PHASE_STRIP = NO;
				DEBUG_INFORMATION_FORMAT = "dwarf-with-dsym";
				ENABLE_NS_ASSERTIONS = NO;
				ENABLE_STRICT_OBJC_MSGSEND = YES;
				GCC_C_LANGUAGE_STANDARD = gnu99;
				GCC_NO_COMMON_BLOCKS = YES;
				GCC_WARN_64_TO_32_BIT_CONVERSION = YES;
				GCC_WARN_ABOUT_RETURN_TYPE = YES_ERROR;
				GCC_WARN_UNDECLARED_SELECTOR = YES;
				GCC_WARN_UNINITIALIZED_AUTOS = YES_AGGRESSIVE;
				GCC_WARN_UNUSED_FUNCTION = YES;
				GCC_WARN_UNUSED_VARIABLE = YES;
				IPHONEOS_DEPLOYMENT_TARGET = 8.3;
				MTL_ENABLE_DEBUG_INFO = NO;
				SDKROOT = iphoneos;
				TARGETED_DEVICE_FAMILY = "1,2";
				VALIDATE_PRODUCT = YES;
			};
			name = Release;
		};
		18B4FE9E1ADE68BE00D740EC /* Debug */ = {
			isa = XCBuildConfiguration;
			buildSettings = {
				ASSETCATALOG_COMPILER_APPICON_NAME = AppIcon;
				DEVELOPMENT_TEAM = V988GE98EW;
				INFOPLIST_FILE = HelloWatch/Info.plist;
				LD_RUNPATH_SEARCH_PATHS = "$(inherited) @executable_path/Frameworks";
				OTHER_CFLAGS = "-DNS_BLOCK_ASSERTIONS=1";
				PRODUCT_NAME = "$(TARGET_NAME)";
			};
			name = Debug;
		};
		18B4FE9F1ADE68BE00D740EC /* Release */ = {
			isa = XCBuildConfiguration;
			buildSettings = {
				ASSETCATALOG_COMPILER_APPICON_NAME = AppIcon;
				DEVELOPMENT_TEAM = V988GE98EW;
				INFOPLIST_FILE = HelloWatch/Info.plist;
				LD_RUNPATH_SEARCH_PATHS = "$(inherited) @executable_path/Frameworks";
				OTHER_CFLAGS = "-DNS_BLOCK_ASSERTIONS=1";
				PRODUCT_NAME = "$(TARGET_NAME)";
			};
			name = Release;
		};
		18B4FEA11ADE68BE00D740EC /* Debug */ = {
			isa = XCBuildConfiguration;
			buildSettings = {
				BUNDLE_LOADER = "$(TEST_HOST)";
				DEVELOPMENT_TEAM = V988GE98EW;
				FRAMEWORK_SEARCH_PATHS = (
					"$(SDKROOT)/Developer/Library/Frameworks",
					"$(inherited)",
				);
				GCC_PREPROCESSOR_DEFINITIONS = (
					"DEBUG=1",
					"$(inherited)",
				);
				INFOPLIST_FILE = HelloWatchTests/Info.plist;
				LD_RUNPATH_SEARCH_PATHS = "$(inherited) @executable_path/Frameworks @loader_path/Frameworks";
				PRODUCT_NAME = "$(TARGET_NAME)";
				TEST_HOST = "$(BUILT_PRODUCTS_DIR)/HelloWatch.app/HelloWatch";
			};
			name = Debug;
		};
		18B4FEA21ADE68BE00D740EC /* Release */ = {
			isa = XCBuildConfiguration;
			buildSettings = {
				BUNDLE_LOADER = "$(TEST_HOST)";
				DEVELOPMENT_TEAM = V988GE98EW;
				FRAMEWORK_SEARCH_PATHS = (
					"$(SDKROOT)/Developer/Library/Frameworks",
					"$(inherited)",
				);
				INFOPLIST_FILE = HelloWatchTests/Info.plist;
				LD_RUNPATH_SEARCH_PATHS = "$(inherited) @executable_path/Frameworks @loader_path/Frameworks";
				PRODUCT_NAME = "$(TARGET_NAME)";
				TEST_HOST = "$(BUILT_PRODUCTS_DIR)/HelloWatch.app/HelloWatch";
			};
			name = Release;
		};
		18B4FEC21ADE68F800D740EC /* Debug */ = {
			isa = XCBuildConfiguration;
			buildSettings = {
				ASSETCATALOG_COMPILER_APPICON_NAME = AppIcon;
				DEVELOPMENT_TEAM = V988GE98EW;
				GCC_PREPROCESSOR_DEFINITIONS = (
					"DEBUG=1",
					"$(inherited)",
				);
				IBSC_MODULE = HelloWatch_WatchKit_Extension;
				INFOPLIST_FILE = "HelloWatch WatchKit App/Info.plist";
				IPHONEOS_DEPLOYMENT_TARGET = 8.2;
				PRODUCT_NAME = "$(TARGET_NAME)";
				SKIP_INSTALL = YES;
				TARGETED_DEVICE_FAMILY = 4;
				"TARGETED_DEVICE_FAMILY[sdk=iphonesimulator*]" = "1,4";
			};
			name = Debug;
		};
		18B4FEC31ADE68F800D740EC /* Release */ = {
			isa = XCBuildConfiguration;
			buildSettings = {
				ASSETCATALOG_COMPILER_APPICON_NAME = AppIcon;
				DEVELOPMENT_TEAM = V988GE98EW;
				IBSC_MODULE = HelloWatch_WatchKit_Extension;
				INFOPLIST_FILE = "HelloWatch WatchKit App/Info.plist";
				IPHONEOS_DEPLOYMENT_TARGET = 8.2;
				PRODUCT_NAME = "$(TARGET_NAME)";
				SKIP_INSTALL = YES;
				TARGETED_DEVICE_FAMILY = 4;
				"TARGETED_DEVICE_FAMILY[sdk=iphonesimulator*]" = "1,4";
			};
			name = Release;
		};
		18B4FEC51ADE68F800D740EC /* Debug */ = {
			isa = XCBuildConfiguration;
			buildSettings = {
				DEVELOPMENT_TEAM = V988GE98EW;
				GCC_PREPROCESSOR_DEFINITIONS = (
					"DEBUG=1",
					"$(inherited)",
				);
				INFOPLIST_FILE = "HelloWatch WatchKit Extension/Info.plist";
				LD_RUNPATH_SEARCH_PATHS = "$(inherited) @executable_path/Frameworks @executable_path/../../Frameworks";
				PRODUCT_NAME = "${TARGET_NAME}";
				SKIP_INSTALL = YES;
			};
			name = Debug;
		};
		18B4FEC61ADE68F800D740EC /* Release */ = {
			isa = XCBuildConfiguration;
			buildSettings = {
				DEVELOPMENT_TEAM = V988GE98EW;
				INFOPLIST_FILE = "HelloWatch WatchKit Extension/Info.plist";
				LD_RUNPATH_SEARCH_PATHS = "$(inherited) @executable_path/Frameworks @executable_path/../../Frameworks";
				PRODUCT_NAME = "${TARGET_NAME}";
				SKIP_INSTALL = YES;
			};
			name = Release;
		};
/* End XCBuildConfiguration section */

/* Begin XCConfigurationList section */
		18B4FE751ADE68BE00D740EC /* Build configuration list for PBXProject "HelloWatch" */ = {
			isa = XCConfigurationList;
			buildConfigurations = (
				18B4FE9B1ADE68BE00D740EC /* Debug */,
				18B4FE9C1ADE68BE00D740EC /* Release */,
			);
			defaultConfigurationIsVisible = 0;
			defaultConfigurationName = Release;
		};
		18B4FE9D1ADE68BE00D740EC /* Build configuration list for PBXNativeTarget "HelloWatch" */ = {
			isa = XCConfigurationList;
			buildConfigurations = (
				18B4FE9E1ADE68BE00D740EC /* Debug */,
				18B4FE9F1ADE68BE00D740EC /* Release */,
			);
			defaultConfigurationIsVisible = 0;
			defaultConfigurationName = Release;
		};
		18B4FEA01ADE68BE00D740EC /* Build configuration list for PBXNativeTarget "HelloWatchTests" */ = {
			isa = XCConfigurationList;
			buildConfigurations = (
				18B4FEA11ADE68BE00D740EC /* Debug */,
				18B4FEA21ADE68BE00D740EC /* Release */,
			);
			defaultConfigurationIsVisible = 0;
			defaultConfigurationName = Release;
		};
		18B4FEC11ADE68F800D740EC /* Build configuration list for PBXNativeTarget "HelloWatch WatchKit App" */ = {
			isa = XCConfigurationList;
			buildConfigurations = (
				18B4FEC21ADE68F800D740EC /* Debug */,
				18B4FEC31ADE68F800D740EC /* Release */,
			);
			defaultConfigurationIsVisible = 0;
			defaultConfigurationName = Release;
		};
		18B4FEC41ADE68F800D740EC /* Build configuration list for PBXNativeTarget "HelloWatch WatchKit Extension" */ = {
			isa = XCConfigurationList;
			buildConfigurations = (
				18B4FEC51ADE68F800D740EC /* Debug */,
				18B4FEC61ADE68F800D740EC /* Release */,
			);
			defaultConfigurationIsVisible = 0;
			defaultConfigurationName = Release;
		};
/* End XCConfigurationList section */
	};
	rootObject = 18B4FE721ADE68BE00D740EC /* Project object */;
}
